PODS:
  - AFNetworking (2.5.0):
    - AFNetworking/NSURLConnection (= 2.5.0)
    - AFNetworking/NSURLSession (= 2.5.0)
    - AFNetworking/Reachability (= 2.5.0)
    - AFNetworking/Security (= 2.5.0)
    - AFNetworking/Serialization (= 2.5.0)
    - AFNetworking/UIKit (= 2.5.0)
  - AFNetworking/NSURLConnection (2.5.0):
    - AFNetworking/Reachability
    - AFNetworking/Security
    - AFNetworking/Serialization
  - AFNetworking/NSURLSession (2.5.0):
    - AFNetworking/Reachability
    - AFNetworking/Security
    - AFNetworking/Serialization
  - AFNetworking/Reachability (2.5.0)
  - AFNetworking/Security (2.5.0)
  - AFNetworking/Serialization (2.5.0)
  - AFNetworking/UIKit (2.5.0):
    - AFNetworking/NSURLConnection
    - AFNetworking/NSURLSession
  - Bolts (1.1.3)
  - FlatUIKit (1.5)
  - Parse (1.6.2):
    - Bolts (~> 1.1)
  - PebbleKit (2.4)

DEPENDENCIES:
  - AFNetworking
  - FlatUIKit
  - Parse
  - PebbleKit

SPEC CHECKSUMS:
  AFNetworking: 0f54cb5d16ce38c1b76948faffb8d5fb705021c7
  Bolts: 3db0a875235e0c9042b013af13af0f00f79b102c
  FlatUIKit: 5452fa3fca41e6f04014cca6e81b4c2f961f623c
  Parse: 60d65108fe39da77ec16c9e51d74b4d296b21424
  PebbleKit: fff19519d19fa6e1be853f85ec70939282332655

COCOAPODS: 0.35.0
